Microsoft Visual Studio Solution File, Format Version 12.00
# Visual Studio Version 16
VisualStudioVersion = 16.0.31829.152
MinimumVisualStudioVersion = 10.0.40219.1
Project("{2150E333-8FDC-42A3-9474-1A3956D46DE8}") = "src", "src", "{CB550EAF-4D12-40B0-AA72-1DAB87A8F4BA}"
EndProject
Project("{2150E333-8FDC-42A3-9474-1A3956D46DE8}") = "tests", "tests", "{980FB031-6B76-47A9-85D6-E19EF518113B}"
EndProject
Project("{9A19103F-16F7-4668-BE54-9A1E7A4F7556}") = "x_template_xHmi.Wpf", "src\x_template_xHmi.Wpf\x_template_xHmi.Wpf.csproj", "{B0C3E592-F316-4BF2-8E1B-6A212E95427C}"
EndProject
Project("{9A19103F-16F7-4668-BE54-9A1E7A4F7556}") = "x_template_xPlcConnector", "src\x_template_xPlcConnector\x_template_xPlcConnector.csproj", "{BFC6A9FF-280E-457A-AF10-65A3D6A225A2}"
EndProject
Project("{B1E792BE-AA5F-4E3C-8C82-674BF9C0715B}") = "x_template_x-xae", "src\x_template_x-xae\x_template_x-xae.tsproj", "{81535540-06FC-4400-AD30-5DF785BB9A0E}"
EndProject
Project("{9A19103F-16F7-4668-BE54-9A1E7A4F7556}") = "x_template_xTests", "tests\x_template_xTests\x_template_xTests.csproj", "{E53007A0-3E03-4393-958C-6C0D2BA2C66B}"
EndProject
Project("{9A19103F-16F7-4668-BE54-9A1E7A4F7556}") = "TcoDataMerge", "src\TcoDataMerge\scr\TcoDataMerge\TcoDataMerge.csproj", "{1D4FF30F-CCAF-4550-A188-513DF86EB0A9}"
EndProject
Project("{9A19103F-16F7-4668-BE54-9A1E7A4F7556}") = "TcoDataMergeTests", "src\TcoDataMerge\tests\TcoDataMergeTests\TcoDataMergeTests.csproj", "{8C621332-9B78-40AF-B4B6-BF15F72C01F2}"
EndProject
Project("{9A19103F-16F7-4668-BE54-9A1E7A4F7556}") = "x_template_xDataMerge", "src\x_template_xDataMerge\x_template_xDataMerge.csproj", "{F8CC9171-EFD8-423C-BD72-B3E5CCEDDC47}"
EndProject
Project("{9A19103F-16F7-4668-BE54-9A1E7A4F7556}") = "x_template_xProductionPlaner", "src\x_template_xProductionPlaner\x_template_xProductionPlaner.csproj", "{183633EC-8A0A-4A61-A570-B6608EE3A8AB}"
EndProject
Project("{9A19103F-16F7-4668-BE54-9A1E7A4F7556}") = "TcoRepositoryDataSetHandler", "src\TcoRepositoryDataSet\src\TcoRepositoryDataSetHandler\TcoRepositoryDataSetHandler.csproj", "{A14AF1BC-0CF9-4467-8DB3-9F379671F9CC}"
EndProject
Project("{9A19103F-16F7-4668-BE54-9A1E7A4F7556}") = "TcoDataSetTests", "src\TcoRepositoryDataSet\tests\TcoDataSetTests\TcoDataSetTests.csproj", "{BA7A158C-FDA2-4E8B-B04B-351CE0C3DC96}"
EndProject
Project("{9A19103F-16F7-4668-BE54-9A1E7A4F7556}") = "TcOpen.Inxton.Instructor", "src\TcoInstructor\TcOpen.Inxton.Instructor.csproj", "{E34D0292-A2F7-4EDE-8E38-4F94A1C1DDC5}"
EndProject
Project("{9A19103F-16F7-4668-BE54-9A1E7A4F7556}") = "x_template_xInstructor", "src\TcoInstructor.Wpf\x_template_xInstructor.csproj", "{512196EB-A7D1-4D10-8823-8E700139DD8F}"
EndProject
Global
	GlobalSection(SolutionConfigurationPlatforms) = preSolution
		Debug|Any CPU = Debug|Any CPU
		Debug|TwinCAT CE7 (ARMV7) = Debug|TwinCAT CE7 (ARMV7)
		Debug|TwinCAT OS (ARMT2) = Debug|TwinCAT OS (ARMT2)
		Debug|TwinCAT RT (x64) = Debug|TwinCAT RT (x64)
		Debug|TwinCAT RT (x86) = Debug|TwinCAT RT (x86)
		Release|Any CPU = Release|Any CPU
		Release|TwinCAT CE7 (ARMV7) = Release|TwinCAT CE7 (ARMV7)
		Release|TwinCAT OS (ARMT2) = Release|TwinCAT OS (ARMT2)
		Release|TwinCAT RT (x64) = Release|TwinCAT RT (x64)
		Release|TwinCAT RT (x86) = Release|TwinCAT RT (x86)
	EndGlobalSection
	GlobalSection(ProjectConfigurationPlatforms) = postSolution
		{B0C3E592-F316-4BF2-8E1B-6A212E95427C}.Debug|Any CPU.ActiveCfg = Debug|Any CPU
		{B0C3E592-F316-4BF2-8E1B-6A212E95427C}.Debug|Any CPU.Build.0 = Debug|Any CPU
		{B0C3E592-F316-4BF2-8E1B-6A212E95427C}.Debug|TwinCAT CE7 (ARMV7).ActiveCfg = Debug|Any CPU
		{B0C3E592-F316-4BF2-8E1B-6A212E95427C}.Debug|TwinCAT CE7 (ARMV7).Build.0 = Debug|Any CPU
		{B0C3E592-F316-4BF2-8E1B-6A212E95427C}.Debug|TwinCAT OS (ARMT2).ActiveCfg = Debug|Any CPU
		{B0C3E592-F316-4BF2-8E1B-6A212E95427C}.Debug|TwinCAT OS (ARMT2).Build.0 = Debug|Any CPU
		{B0C3E592-F316-4BF2-8E1B-6A212E95427C}.Debug|TwinCAT RT (x64).ActiveCfg = Debug|Any CPU
		{B0C3E592-F316-4BF2-8E1B-6A212E95427C}.Debug|TwinCAT RT (x64).Build.0 = Debug|Any CPU
		{B0C3E592-F316-4BF2-8E1B-6A212E95427C}.Debug|TwinCAT RT (x86).ActiveCfg = Debug|Any CPU
		{B0C3E592-F316-4BF2-8E1B-6A212E95427C}.Debug|TwinCAT RT (x86).Build.0 = Debug|Any CPU
		{B0C3E592-F316-4BF2-8E1B-6A212E95427C}.Release|Any CPU.ActiveCfg = Release|Any CPU
		{B0C3E592-F316-4BF2-8E1B-6A212E95427C}.Release|Any CPU.Build.0 = Release|Any CPU
		{B0C3E592-F316-4BF2-8E1B-6A212E95427C}.Release|TwinCAT CE7 (ARMV7).ActiveCfg = Release|Any CPU
		{B0C3E592-F316-4BF2-8E1B-6A212E95427C}.Release|TwinCAT CE7 (ARMV7).Build.0 = Release|Any CPU
		{B0C3E592-F316-4BF2-8E1B-6A212E95427C}.Release|TwinCAT OS (ARMT2).ActiveCfg = Release|Any CPU
		{B0C3E592-F316-4BF2-8E1B-6A212E95427C}.Release|TwinCAT OS (ARMT2).Build.0 = Release|Any CPU
		{B0C3E592-F316-4BF2-8E1B-6A212E95427C}.Release|TwinCAT RT (x64).ActiveCfg = Release|Any CPU
		{B0C3E592-F316-4BF2-8E1B-6A212E95427C}.Release|TwinCAT RT (x64).Build.0 = Release|Any CPU
		{B0C3E592-F316-4BF2-8E1B-6A212E95427C}.Release|TwinCAT RT (x86).ActiveCfg = Release|Any CPU
		{B0C3E592-F316-4BF2-8E1B-6A212E95427C}.Release|TwinCAT RT (x86).Build.0 = Release|Any CPU
		{BFC6A9FF-280E-457A-AF10-65A3D6A225A2}.Debug|Any CPU.ActiveCfg = Debug|Any CPU
		{BFC6A9FF-280E-457A-AF10-65A3D6A225A2}.Debug|Any CPU.Build.0 = Debug|Any CPU
		{BFC6A9FF-280E-457A-AF10-65A3D6A225A2}.Debug|TwinCAT CE7 (ARMV7).ActiveCfg = Debug|Any CPU
		{BFC6A9FF-280E-457A-AF10-65A3D6A225A2}.Debug|TwinCAT CE7 (ARMV7).Build.0 = Debug|Any CPU
		{BFC6A9FF-280E-457A-AF10-65A3D6A225A2}.Debug|TwinCAT OS (ARMT2).ActiveCfg = Debug|Any CPU
		{BFC6A9FF-280E-457A-AF10-65A3D6A225A2}.Debug|TwinCAT OS (ARMT2).Build.0 = Debug|Any CPU
		{BFC6A9FF-280E-457A-AF10-65A3D6A225A2}.Debug|TwinCAT RT (x64).ActiveCfg = Debug|Any CPU
		{BFC6A9FF-280E-457A-AF10-65A3D6A225A2}.Debug|TwinCAT RT (x64).Build.0 = Debug|Any CPU
		{BFC6A9FF-280E-457A-AF10-65A3D6A225A2}.Debug|TwinCAT RT (x86).ActiveCfg = Debug|Any CPU
		{BFC6A9FF-280E-457A-AF10-65A3D6A225A2}.Debug|TwinCAT RT (x86).Build.0 = Debug|Any CPU
		{BFC6A9FF-280E-457A-AF10-65A3D6A225A2}.Release|Any CPU.ActiveCfg = Release|Any CPU
		{BFC6A9FF-280E-457A-AF10-65A3D6A225A2}.Release|Any CPU.Build.0 = Release|Any CPU
		{BFC6A9FF-280E-457A-AF10-65A3D6A225A2}.Release|TwinCAT CE7 (ARMV7).ActiveCfg = Release|Any CPU
		{BFC6A9FF-280E-457A-AF10-65A3D6A225A2}.Release|TwinCAT CE7 (ARMV7).Build.0 = Release|Any CPU
		{BFC6A9FF-280E-457A-AF10-65A3D6A225A2}.Release|TwinCAT OS (ARMT2).ActiveCfg = Release|Any CPU
		{BFC6A9FF-280E-457A-AF10-65A3D6A225A2}.Release|TwinCAT OS (ARMT2).Build.0 = Release|Any CPU
		{BFC6A9FF-280E-457A-AF10-65A3D6A225A2}.Release|TwinCAT RT (x64).ActiveCfg = Release|Any CPU
		{BFC6A9FF-280E-457A-AF10-65A3D6A225A2}.Release|TwinCAT RT (x64).Build.0 = Release|Any CPU
		{BFC6A9FF-280E-457A-AF10-65A3D6A225A2}.Release|TwinCAT RT (x86).ActiveCfg = Release|Any CPU
		{BFC6A9FF-280E-457A-AF10-65A3D6A225A2}.Release|TwinCAT RT (x86).Build.0 = Release|Any CPU
		{81535540-06FC-4400-AD30-5DF785BB9A0E}.Debug|Any CPU.ActiveCfg = Debug|TwinCAT RT (x86)
		{81535540-06FC-4400-AD30-5DF785BB9A0E}.Debug|TwinCAT CE7 (ARMV7).ActiveCfg = Debug|TwinCAT CE7 (ARMV7)
		{81535540-06FC-4400-AD30-5DF785BB9A0E}.Debug|TwinCAT CE7 (ARMV7).Build.0 = Debug|TwinCAT CE7 (ARMV7)
		{81535540-06FC-4400-AD30-5DF785BB9A0E}.Debug|TwinCAT OS (ARMT2).ActiveCfg = Debug|TwinCAT OS (ARMT2)
		{81535540-06FC-4400-AD30-5DF785BB9A0E}.Debug|TwinCAT OS (ARMT2).Build.0 = Debug|TwinCAT OS (ARMT2)
		{81535540-06FC-4400-AD30-5DF785BB9A0E}.Debug|TwinCAT RT (x64).ActiveCfg = Debug|TwinCAT RT (x64)
		{81535540-06FC-4400-AD30-5DF785BB9A0E}.Debug|TwinCAT RT (x64).Build.0 = Debug|TwinCAT RT (x64)
		{81535540-06FC-4400-AD30-5DF785BB9A0E}.Debug|TwinCAT RT (x86).ActiveCfg = Debug|TwinCAT RT (x86)
		{81535540-06FC-4400-AD30-5DF785BB9A0E}.Debug|TwinCAT RT (x86).Build.0 = Debug|TwinCAT RT (x86)
		{81535540-06FC-4400-AD30-5DF785BB9A0E}.Release|Any CPU.ActiveCfg = Release|TwinCAT RT (x86)
		{81535540-06FC-4400-AD30-5DF785BB9A0E}.Release|TwinCAT CE7 (ARMV7).ActiveCfg = Release|TwinCAT CE7 (ARMV7)
		{81535540-06FC-4400-AD30-5DF785BB9A0E}.Release|TwinCAT CE7 (ARMV7).Build.0 = Release|TwinCAT CE7 (ARMV7)
		{81535540-06FC-4400-AD30-5DF785BB9A0E}.Release|TwinCAT OS (ARMT2).ActiveCfg = Release|TwinCAT OS (ARMT2)
		{81535540-06FC-4400-AD30-5DF785BB9A0E}.Release|TwinCAT OS (ARMT2).Build.0 = Release|TwinCAT OS (ARMT2)
		{81535540-06FC-4400-AD30-5DF785BB9A0E}.Release|TwinCAT RT (x64).ActiveCfg = Release|TwinCAT RT (x64)
		{81535540-06FC-4400-AD30-5DF785BB9A0E}.Release|TwinCAT RT (x64).Build.0 = Release|TwinCAT RT (x64)
		{81535540-06FC-4400-AD30-5DF785BB9A0E}.Release|TwinCAT RT (x86).ActiveCfg = Release|TwinCAT RT (x86)
		{81535540-06FC-4400-AD30-5DF785BB9A0E}.Release|TwinCAT RT (x86).Build.0 = Release|TwinCAT RT (x86)
		{E53007A0-3E03-4393-958C-6C0D2BA2C66B}.Debug|Any CPU.ActiveCfg = Debug|Any CPU
		{E53007A0-3E03-4393-958C-6C0D2BA2C66B}.Debug|Any CPU.Build.0 = Debug|Any CPU
		{E53007A0-3E03-4393-958C-6C0D2BA2C66B}.Debug|TwinCAT CE7 (ARMV7).ActiveCfg = Debug|Any CPU
		{E53007A0-3E03-4393-958C-6C0D2BA2C66B}.Debug|TwinCAT CE7 (ARMV7).Build.0 = Debug|Any CPU
		{E53007A0-3E03-4393-958C-6C0D2BA2C66B}.Debug|TwinCAT OS (ARMT2).ActiveCfg = Debug|Any CPU
		{E53007A0-3E03-4393-958C-6C0D2BA2C66B}.Debug|TwinCAT OS (ARMT2).Build.0 = Debug|Any CPU
		{E53007A0-3E03-4393-958C-6C0D2BA2C66B}.Debug|TwinCAT RT (x64).ActiveCfg = Debug|Any CPU
		{E53007A0-3E03-4393-958C-6C0D2BA2C66B}.Debug|TwinCAT RT (x64).Build.0 = Debug|Any CPU
		{E53007A0-3E03-4393-958C-6C0D2BA2C66B}.Debug|TwinCAT RT (x86).ActiveCfg = Debug|Any CPU
		{E53007A0-3E03-4393-958C-6C0D2BA2C66B}.Debug|TwinCAT RT (x86).Build.0 = Debug|Any CPU
		{E53007A0-3E03-4393-958C-6C0D2BA2C66B}.Release|Any CPU.ActiveCfg = Release|Any CPU
		{E53007A0-3E03-4393-958C-6C0D2BA2C66B}.Release|Any CPU.Build.0 = Release|Any CPU
		{E53007A0-3E03-4393-958C-6C0D2BA2C66B}.Release|TwinCAT CE7 (ARMV7).ActiveCfg = Release|Any CPU
		{E53007A0-3E03-4393-958C-6C0D2BA2C66B}.Release|TwinCAT CE7 (ARMV7).Build.0 = Release|Any CPU
		{E53007A0-3E03-4393-958C-6C0D2BA2C66B}.Release|TwinCAT OS (ARMT2).ActiveCfg = Release|Any CPU
		{E53007A0-3E03-4393-958C-6C0D2BA2C66B}.Release|TwinCAT OS (ARMT2).Build.0 = Release|Any CPU
		{E53007A0-3E03-4393-958C-6C0D2BA2C66B}.Release|TwinCAT RT (x64).ActiveCfg = Release|Any CPU
		{E53007A0-3E03-4393-958C-6C0D2BA2C66B}.Release|TwinCAT RT (x64).Build.0 = Release|Any CPU
		{E53007A0-3E03-4393-958C-6C0D2BA2C66B}.Release|TwinCAT RT (x86).ActiveCfg = Release|Any CPU
		{E53007A0-3E03-4393-958C-6C0D2BA2C66B}.Release|TwinCAT RT (x86).Build.0 = Release|Any CPU
		{1D4FF30F-CCAF-4550-A188-513DF86EB0A9}.Debug|Any CPU.ActiveCfg = Debug|Any CPU
		{1D4FF30F-CCAF-4550-A188-513DF86EB0A9}.Debug|Any CPU.Build.0 = Debug|Any CPU
		{1D4FF30F-CCAF-4550-A188-513DF86EB0A9}.Debug|TwinCAT CE7 (ARMV7).ActiveCfg = Debug|Any CPU
		{1D4FF30F-CCAF-4550-A188-513DF86EB0A9}.Debug|TwinCAT CE7 (ARMV7).Build.0 = Debug|Any CPU
		{1D4FF30F-CCAF-4550-A188-513DF86EB0A9}.Debug|TwinCAT OS (ARMT2).ActiveCfg = Debug|Any CPU
		{1D4FF30F-CCAF-4550-A188-513DF86EB0A9}.Debug|TwinCAT OS (ARMT2).Build.0 = Debug|Any CPU
		{1D4FF30F-CCAF-4550-A188-513DF86EB0A9}.Debug|TwinCAT RT (x64).ActiveCfg = Debug|Any CPU
		{1D4FF30F-CCAF-4550-A188-513DF86EB0A9}.Debug|TwinCAT RT (x64).Build.0 = Debug|Any CPU
		{1D4FF30F-CCAF-4550-A188-513DF86EB0A9}.Debug|TwinCAT RT (x86).ActiveCfg = Debug|Any CPU
		{1D4FF30F-CCAF-4550-A188-513DF86EB0A9}.Debug|TwinCAT RT (x86).Build.0 = Debug|Any CPU
		{1D4FF30F-CCAF-4550-A188-513DF86EB0A9}.Release|Any CPU.ActiveCfg = Release|Any CPU
		{1D4FF30F-CCAF-4550-A188-513DF86EB0A9}.Release|Any CPU.Build.0 = Release|Any CPU
		{1D4FF30F-CCAF-4550-A188-513DF86EB0A9}.Release|TwinCAT CE7 (ARMV7).ActiveCfg = Release|Any CPU
		{1D4FF30F-CCAF-4550-A188-513DF86EB0A9}.Release|TwinCAT CE7 (ARMV7).Build.0 = Release|Any CPU
		{1D4FF30F-CCAF-4550-A188-513DF86EB0A9}.Release|TwinCAT OS (ARMT2).ActiveCfg = Release|Any CPU
		{1D4FF30F-CCAF-4550-A188-513DF86EB0A9}.Release|TwinCAT OS (ARMT2).Build.0 = Release|Any CPU
		{1D4FF30F-CCAF-4550-A188-513DF86EB0A9}.Release|TwinCAT RT (x64).ActiveCfg = Release|Any CPU
		{1D4FF30F-CCAF-4550-A188-513DF86EB0A9}.Release|TwinCAT RT (x64).Build.0 = Release|Any CPU
		{1D4FF30F-CCAF-4550-A188-513DF86EB0A9}.Release|TwinCAT RT (x86).ActiveCfg = Release|Any CPU
		{1D4FF30F-CCAF-4550-A188-513DF86EB0A9}.Release|TwinCAT RT (x86).Build.0 = Release|Any CPU
		{8C621332-9B78-40AF-B4B6-BF15F72C01F2}.Debug|Any CPU.ActiveCfg = Debug|Any CPU
		{8C621332-9B78-40AF-B4B6-BF15F72C01F2}.Debug|Any CPU.Build.0 = Debug|Any CPU
		{8C621332-9B78-40AF-B4B6-BF15F72C01F2}.Debug|TwinCAT CE7 (ARMV7).ActiveCfg = Debug|Any CPU
		{8C621332-9B78-40AF-B4B6-BF15F72C01F2}.Debug|TwinCAT CE7 (ARMV7).Build.0 = Debug|Any CPU
		{8C621332-9B78-40AF-B4B6-BF15F72C01F2}.Debug|TwinCAT OS (ARMT2).ActiveCfg = Debug|Any CPU
		{8C621332-9B78-40AF-B4B6-BF15F72C01F2}.Debug|TwinCAT OS (ARMT2).Build.0 = Debug|Any CPU
		{8C621332-9B78-40AF-B4B6-BF15F72C01F2}.Debug|TwinCAT RT (x64).ActiveCfg = Debug|Any CPU
		{8C621332-9B78-40AF-B4B6-BF15F72C01F2}.Debug|TwinCAT RT (x64).Build.0 = Debug|Any CPU
		{8C621332-9B78-40AF-B4B6-BF15F72C01F2}.Debug|TwinCAT RT (x86).ActiveCfg = Debug|Any CPU
		{8C621332-9B78-40AF-B4B6-BF15F72C01F2}.Debug|TwinCAT RT (x86).Build.0 = Debug|Any CPU
		{8C621332-9B78-40AF-B4B6-BF15F72C01F2}.Release|Any CPU.ActiveCfg = Release|Any CPU
		{8C621332-9B78-40AF-B4B6-BF15F72C01F2}.Release|Any CPU.Build.0 = Release|Any CPU
		{8C621332-9B78-40AF-B4B6-BF15F72C01F2}.Release|TwinCAT CE7 (ARMV7).ActiveCfg = Release|Any CPU
		{8C621332-9B78-40AF-B4B6-BF15F72C01F2}.Release|TwinCAT CE7 (ARMV7).Build.0 = Release|Any CPU
		{8C621332-9B78-40AF-B4B6-BF15F72C01F2}.Release|TwinCAT OS (ARMT2).ActiveCfg = Release|Any CPU
		{8C621332-9B78-40AF-B4B6-BF15F72C01F2}.Release|TwinCAT OS (ARMT2).Build.0 = Release|Any CPU
		{8C621332-9B78-40AF-B4B6-BF15F72C01F2}.Release|TwinCAT RT (x64).ActiveCfg = Release|Any CPU
		{8C621332-9B78-40AF-B4B6-BF15F72C01F2}.Release|TwinCAT RT (x64).Build.0 = Release|Any CPU
		{8C621332-9B78-40AF-B4B6-BF15F72C01F2}.Release|TwinCAT RT (x86).ActiveCfg = Release|Any CPU
		{8C621332-9B78-40AF-B4B6-BF15F72C01F2}.Release|TwinCAT RT (x86).Build.0 = Release|Any CPU
		{F8CC9171-EFD8-423C-BD72-B3E5CCEDDC47}.Debug|Any CPU.ActiveCfg = Debug|Any CPU
		{F8CC9171-EFD8-423C-BD72-B3E5CCEDDC47}.Debug|Any CPU.Build.0 = Debug|Any CPU
		{F8CC9171-EFD8-423C-BD72-B3E5CCEDDC47}.Debug|TwinCAT CE7 (ARMV7).ActiveCfg = Debug|Any CPU
		{F8CC9171-EFD8-423C-BD72-B3E5CCEDDC47}.Debug|TwinCAT CE7 (ARMV7).Build.0 = Debug|Any CPU
		{F8CC9171-EFD8-423C-BD72-B3E5CCEDDC47}.Debug|TwinCAT OS (ARMT2).ActiveCfg = Debug|Any CPU
		{F8CC9171-EFD8-423C-BD72-B3E5CCEDDC47}.Debug|TwinCAT OS (ARMT2).Build.0 = Debug|Any CPU
		{F8CC9171-EFD8-423C-BD72-B3E5CCEDDC47}.Debug|TwinCAT RT (x64).ActiveCfg = Debug|Any CPU
		{F8CC9171-EFD8-423C-BD72-B3E5CCEDDC47}.Debug|TwinCAT RT (x64).Build.0 = Debug|Any CPU
		{F8CC9171-EFD8-423C-BD72-B3E5CCEDDC47}.Debug|TwinCAT RT (x86).ActiveCfg = Debug|Any CPU
		{F8CC9171-EFD8-423C-BD72-B3E5CCEDDC47}.Debug|TwinCAT RT (x86).Build.0 = Debug|Any CPU
		{F8CC9171-EFD8-423C-BD72-B3E5CCEDDC47}.Release|Any CPU.ActiveCfg = Release|Any CPU
		{F8CC9171-EFD8-423C-BD72-B3E5CCEDDC47}.Release|Any CPU.Build.0 = Release|Any CPU
		{F8CC9171-EFD8-423C-BD72-B3E5CCEDDC47}.Release|TwinCAT CE7 (ARMV7).ActiveCfg = Release|Any CPU
		{F8CC9171-EFD8-423C-BD72-B3E5CCEDDC47}.Release|TwinCAT CE7 (ARMV7).Build.0 = Release|Any CPU
		{F8CC9171-EFD8-423C-BD72-B3E5CCEDDC47}.Release|TwinCAT OS (ARMT2).ActiveCfg = Release|Any CPU
		{F8CC9171-EFD8-423C-BD72-B3E5CCEDDC47}.Release|TwinCAT OS (ARMT2).Build.0 = Release|Any CPU
		{F8CC9171-EFD8-423C-BD72-B3E5CCEDDC47}.Release|TwinCAT RT (x64).ActiveCfg = Release|Any CPU
		{F8CC9171-EFD8-423C-BD72-B3E5CCEDDC47}.Release|TwinCAT RT (x64).Build.0 = Release|Any CPU
		{F8CC9171-EFD8-423C-BD72-B3E5CCEDDC47}.Release|TwinCAT RT (x86).ActiveCfg = Release|Any CPU
		{F8CC9171-EFD8-423C-BD72-B3E5CCEDDC47}.Release|TwinCAT RT (x86).Build.0 = Release|Any CPU
		{183633EC-8A0A-4A61-A570-B6608EE3A8AB}.Debug|Any CPU.ActiveCfg = Debug|Any CPU
		{183633EC-8A0A-4A61-A570-B6608EE3A8AB}.Debug|Any CPU.Build.0 = Debug|Any CPU
		{183633EC-8A0A-4A61-A570-B6608EE3A8AB}.Debug|TwinCAT CE7 (ARMV7).ActiveCfg = Debug|Any CPU
		{183633EC-8A0A-4A61-A570-B6608EE3A8AB}.Debug|TwinCAT CE7 (ARMV7).Build.0 = Debug|Any CPU
		{183633EC-8A0A-4A61-A570-B6608EE3A8AB}.Debug|TwinCAT OS (ARMT2).ActiveCfg = Debug|Any CPU
		{183633EC-8A0A-4A61-A570-B6608EE3A8AB}.Debug|TwinCAT OS (ARMT2).Build.0 = Debug|Any CPU
		{183633EC-8A0A-4A61-A570-B6608EE3A8AB}.Debug|TwinCAT RT (x64).ActiveCfg = Debug|Any CPU
		{183633EC-8A0A-4A61-A570-B6608EE3A8AB}.Debug|TwinCAT RT (x64).Build.0 = Debug|Any CPU
		{183633EC-8A0A-4A61-A570-B6608EE3A8AB}.Debug|TwinCAT RT (x86).ActiveCfg = Debug|Any CPU
		{183633EC-8A0A-4A61-A570-B6608EE3A8AB}.Debug|TwinCAT RT (x86).Build.0 = Debug|Any CPU
		{183633EC-8A0A-4A61-A570-B6608EE3A8AB}.Release|Any CPU.ActiveCfg = Release|Any CPU
		{183633EC-8A0A-4A61-A570-B6608EE3A8AB}.Release|Any CPU.Build.0 = Release|Any CPU
		{183633EC-8A0A-4A61-A570-B6608EE3A8AB}.Release|TwinCAT CE7 (ARMV7).ActiveCfg = Release|Any CPU
		{183633EC-8A0A-4A61-A570-B6608EE3A8AB}.Release|TwinCAT CE7 (ARMV7).Build.0 = Release|Any CPU
		{183633EC-8A0A-4A61-A570-B6608EE3A8AB}.Release|TwinCAT OS (ARMT2).ActiveCfg = Release|Any CPU
		{183633EC-8A0A-4A61-A570-B6608EE3A8AB}.Release|TwinCAT OS (ARMT2).Build.0 = Release|Any CPU
		{183633EC-8A0A-4A61-A570-B6608EE3A8AB}.Release|TwinCAT RT (x64).ActiveCfg = Release|Any CPU
		{183633EC-8A0A-4A61-A570-B6608EE3A8AB}.Release|TwinCAT RT (x64).Build.0 = Release|Any CPU
		{183633EC-8A0A-4A61-A570-B6608EE3A8AB}.Release|TwinCAT RT (x86).ActiveCfg = Release|Any CPU
		{183633EC-8A0A-4A61-A570-B6608EE3A8AB}.Release|TwinCAT RT (x86).Build.0 = Release|Any CPU
		{A14AF1BC-0CF9-4467-8DB3-9F379671F9CC}.Debug|Any CPU.ActiveCfg = Debug|Any CPU
		{A14AF1BC-0CF9-4467-8DB3-9F379671F9CC}.Debug|Any CPU.Build.0 = Debug|Any CPU
		{A14AF1BC-0CF9-4467-8DB3-9F379671F9CC}.Debug|TwinCAT CE7 (ARMV7).ActiveCfg = Debug|Any CPU
		{A14AF1BC-0CF9-4467-8DB3-9F379671F9CC}.Debug|TwinCAT CE7 (ARMV7).Build.0 = Debug|Any CPU
		{A14AF1BC-0CF9-4467-8DB3-9F379671F9CC}.Debug|TwinCAT OS (ARMT2).ActiveCfg = Debug|Any CPU
		{A14AF1BC-0CF9-4467-8DB3-9F379671F9CC}.Debug|TwinCAT OS (ARMT2).Build.0 = Debug|Any CPU
		{A14AF1BC-0CF9-4467-8DB3-9F379671F9CC}.Debug|TwinCAT RT (x64).ActiveCfg = Debug|Any CPU
		{A14AF1BC-0CF9-4467-8DB3-9F379671F9CC}.Debug|TwinCAT RT (x64).Build.0 = Debug|Any CPU
		{A14AF1BC-0CF9-4467-8DB3-9F379671F9CC}.Debug|TwinCAT RT (x86).ActiveCfg = Debug|Any CPU
		{A14AF1BC-0CF9-4467-8DB3-9F379671F9CC}.Debug|TwinCAT RT (x86).Build.0 = Debug|Any CPU
		{A14AF1BC-0CF9-4467-8DB3-9F379671F9CC}.Release|Any CPU.ActiveCfg = Release|Any CPU
		{A14AF1BC-0CF9-4467-8DB3-9F379671F9CC}.Release|Any CPU.Build.0 = Release|Any CPU
		{A14AF1BC-0CF9-4467-8DB3-9F379671F9CC}.Release|TwinCAT CE7 (ARMV7).ActiveCfg = Release|Any CPU
		{A14AF1BC-0CF9-4467-8DB3-9F379671F9CC}.Release|TwinCAT CE7 (ARMV7).Build.0 = Release|Any CPU
		{A14AF1BC-0CF9-4467-8DB3-9F379671F9CC}.Release|TwinCAT OS (ARMT2).ActiveCfg = Release|Any CPU
		{A14AF1BC-0CF9-4467-8DB3-9F379671F9CC}.Release|TwinCAT OS (ARMT2).Build.0 = Release|Any CPU
		{A14AF1BC-0CF9-4467-8DB3-9F379671F9CC}.Release|TwinCAT RT (x64).ActiveCfg = Release|Any CPU
		{A14AF1BC-0CF9-4467-8DB3-9F379671F9CC}.Release|TwinCAT RT (x64).Build.0 = Release|Any CPU
		{A14AF1BC-0CF9-4467-8DB3-9F379671F9CC}.Release|TwinCAT RT (x86).ActiveCfg = Release|Any CPU
		{A14AF1BC-0CF9-4467-8DB3-9F379671F9CC}.Release|TwinCAT RT (x86).Build.0 = Release|Any CPU
		{BA7A158C-FDA2-4E8B-B04B-351CE0C3DC96}.Debug|Any CPU.ActiveCfg = Debug|Any CPU
		{BA7A158C-FDA2-4E8B-B04B-351CE0C3DC96}.Debug|Any CPU.Build.0 = Debug|Any CPU
		{BA7A158C-FDA2-4E8B-B04B-351CE0C3DC96}.Debug|TwinCAT CE7 (ARMV7).ActiveCfg = Debug|Any CPU
		{BA7A158C-FDA2-4E8B-B04B-351CE0C3DC96}.Debug|TwinCAT CE7 (ARMV7).Build.0 = Debug|Any CPU
		{BA7A158C-FDA2-4E8B-B04B-351CE0C3DC96}.Debug|TwinCAT OS (ARMT2).ActiveCfg = Debug|Any CPU
		{BA7A158C-FDA2-4E8B-B04B-351CE0C3DC96}.Debug|TwinCAT OS (ARMT2).Build.0 = Debug|Any CPU
		{BA7A158C-FDA2-4E8B-B04B-351CE0C3DC96}.Debug|TwinCAT RT (x64).ActiveCfg = Debug|Any CPU
		{BA7A158C-FDA2-4E8B-B04B-351CE0C3DC96}.Debug|TwinCAT RT (x64).Build.0 = Debug|Any CPU
		{BA7A158C-FDA2-4E8B-B04B-351CE0C3DC96}.Debug|TwinCAT RT (x86).ActiveCfg = Debug|Any CPU
		{BA7A158C-FDA2-4E8B-B04B-351CE0C3DC96}.Debug|TwinCAT RT (x86).Build.0 = Debug|Any CPU
		{BA7A158C-FDA2-4E8B-B04B-351CE0C3DC96}.Release|Any CPU.ActiveCfg = Release|Any CPU
		{BA7A158C-FDA2-4E8B-B04B-351CE0C3DC96}.Release|Any CPU.Build.0 = Release|Any CPU
		{BA7A158C-FDA2-4E8B-B04B-351CE0C3DC96}.Release|TwinCAT CE7 (ARMV7).ActiveCfg = Release|Any CPU
		{BA7A158C-FDA2-4E8B-B04B-351CE0C3DC96}.Release|TwinCAT CE7 (ARMV7).Build.0 = Release|Any CPU
		{BA7A158C-FDA2-4E8B-B04B-351CE0C3DC96}.Release|TwinCAT OS (ARMT2).ActiveCfg = Release|Any CPU
		{BA7A158C-FDA2-4E8B-B04B-351CE0C3DC96}.Release|TwinCAT OS (ARMT2).Build.0 = Release|Any CPU
		{BA7A158C-FDA2-4E8B-B04B-351CE0C3DC96}.Release|TwinCAT RT (x64).ActiveCfg = Release|Any CPU
		{BA7A158C-FDA2-4E8B-B04B-351CE0C3DC96}.Release|TwinCAT RT (x64).Build.0 = Release|Any CPU
		{BA7A158C-FDA2-4E8B-B04B-351CE0C3DC96}.Release|TwinCAT RT (x86).ActiveCfg = Release|Any CPU
		{BA7A158C-FDA2-4E8B-B04B-351CE0C3DC96}.Release|TwinCAT RT (x86).Build.0 = Release|Any CPU
		{E34D0292-A2F7-4EDE-8E38-4F94A1C1DDC5}.Debug|Any CPU.ActiveCfg = Debug|Any CPU
		{E34D0292-A2F7-4EDE-8E38-4F94A1C1DDC5}.Debug|Any CPU.Build.0 = Debug|Any CPU
		{E34D0292-A2F7-4EDE-8E38-4F94A1C1DDC5}.Debug|TwinCAT CE7 (ARMV7).ActiveCfg = Debug|Any CPU
		{E34D0292-A2F7-4EDE-8E38-4F94A1C1DDC5}.Debug|TwinCAT CE7 (ARMV7).Build.0 = Debug|Any CPU
		{E34D0292-A2F7-4EDE-8E38-4F94A1C1DDC5}.Debug|TwinCAT OS (ARMT2).ActiveCfg = Debug|Any CPU
		{E34D0292-A2F7-4EDE-8E38-4F94A1C1DDC5}.Debug|TwinCAT OS (ARMT2).Build.0 = Debug|Any CPU
		{E34D0292-A2F7-4EDE-8E38-4F94A1C1DDC5}.Debug|TwinCAT RT (x64).ActiveCfg = Debug|Any CPU
		{E34D0292-A2F7-4EDE-8E38-4F94A1C1DDC5}.Debug|TwinCAT RT (x64).Build.0 = Debug|Any CPU
		{E34D0292-A2F7-4EDE-8E38-4F94A1C1DDC5}.Debug|TwinCAT RT (x86).ActiveCfg = Debug|Any CPU
		{E34D0292-A2F7-4EDE-8E38-4F94A1C1DDC5}.Debug|TwinCAT RT (x86).Build.0 = Debug|Any CPU
		{E34D0292-A2F7-4EDE-8E38-4F94A1C1DDC5}.Release|Any CPU.ActiveCfg = Release|Any CPU
		{E34D0292-A2F7-4EDE-8E38-4F94A1C1DDC5}.Release|Any CPU.Build.0 = Release|Any CPU
		{E34D0292-A2F7-4EDE-8E38-4F94A1C1DDC5}.Release|TwinCAT CE7 (ARMV7).ActiveCfg = Release|Any CPU
		{E34D0292-A2F7-4EDE-8E38-4F94A1C1DDC5}.Release|TwinCAT CE7 (ARMV7).Build.0 = Release|Any CPU
		{E34D0292-A2F7-4EDE-8E38-4F94A1C1DDC5}.Release|TwinCAT OS (ARMT2).ActiveCfg = Release|Any CPU
		{E34D0292-A2F7-4EDE-8E38-4F94A1C1DDC5}.Release|TwinCAT OS (ARMT2).Build.0 = Release|Any CPU
		{E34D0292-A2F7-4EDE-8E38-4F94A1C1DDC5}.Release|TwinCAT RT (x64).ActiveCfg = Release|Any CPU
		{E34D0292-A2F7-4EDE-8E38-4F94A1C1DDC5}.Release|TwinCAT RT (x64).Build.0 = Release|Any CPU
		{E34D0292-A2F7-4EDE-8E38-4F94A1C1DDC5}.Release|TwinCAT RT (x86).ActiveCfg = Release|Any CPU
		{E34D0292-A2F7-4EDE-8E38-4F94A1C1DDC5}.Release|TwinCAT RT (x86).Build.0 = Release|Any CPU
		{512196EB-A7D1-4D10-8823-8E700139DD8F}.Debug|Any CPU.ActiveCfg = Debug|Any CPU
		{512196EB-A7D1-4D10-8823-8E700139DD8F}.Debug|Any CPU.Build.0 = Debug|Any CPU
		{512196EB-A7D1-4D10-8823-8E700139DD8F}.Debug|TwinCAT CE7 (ARMV7).ActiveCfg = Debug|Any CPU
		{512196EB-A7D1-4D10-8823-8E700139DD8F}.Debug|TwinCAT CE7 (ARMV7).Build.0 = Debug|Any CPU
		{512196EB-A7D1-4D10-8823-8E700139DD8F}.Debug|TwinCAT OS (ARMT2).ActiveCfg = Debug|Any CPU
		{512196EB-A7D1-4D10-8823-8E700139DD8F}.Debug|TwinCAT OS (ARMT2).Build.0 = Debug|Any CPU
		{512196EB-A7D1-4D10-8823-8E700139DD8F}.Debug|TwinCAT RT (x64).ActiveCfg = Debug|Any CPU
		{512196EB-A7D1-4D10-8823-8E700139DD8F}.Debug|TwinCAT RT (x64).Build.0 = Debug|Any CPU
		{512196EB-A7D1-4D10-8823-8E700139DD8F}.Debug|TwinCAT RT (x86).ActiveCfg = Debug|Any CPU
		{512196EB-A7D1-4D10-8823-8E700139DD8F}.Debug|TwinCAT RT (x86).Build.0 = Debug|Any CPU
		{512196EB-A7D1-4D10-8823-8E700139DD8F}.Release|Any CPU.ActiveCfg = Release|Any CPU
		{512196EB-A7D1-4D10-8823-8E700139DD8F}.Release|Any CPU.Build.0 = Release|Any CPU
		{512196EB-A7D1-4D10-8823-8E700139DD8F}.Release|TwinCAT CE7 (ARMV7).ActiveCfg = Release|Any CPU
		{512196EB-A7D1-4D10-8823-8E700139DD8F}.Release|TwinCAT CE7 (ARMV7).Build.0 = Release|Any CPU
		{512196EB-A7D1-4D10-8823-8E700139DD8F}.Release|TwinCAT OS (ARMT2).ActiveCfg = Release|Any CPU
		{512196EB-A7D1-4D10-8823-8E700139DD8F}.Release|TwinCAT OS (ARMT2).Build.0 = Release|Any CPU
		{512196EB-A7D1-4D10-8823-8E700139DD8F}.Release|TwinCAT RT (x64).ActiveCfg = Release|Any CPU
		{512196EB-A7D1-4D10-8823-8E700139DD8F}.Release|TwinCAT RT (x64).Build.0 = Release|Any CPU
		{512196EB-A7D1-4D10-8823-8E700139DD8F}.Release|TwinCAT RT (x86).ActiveCfg = Release|Any CPU
		{512196EB-A7D1-4D10-8823-8E700139DD8F}.Release|TwinCAT RT (x86).Build.0 = Release|Any CPU
		{1F826822-78EF-46D2-B0C2-A803A090596D}.Debug|Any CPU.ActiveCfg = Debug|TwinCAT RT (x64)
		{1F826822-78EF-46D2-B0C2-A803A090596D}.Debug|Any CPU.Build.0 = Debug|TwinCAT RT (x64)
		{1F826822-78EF-46D2-B0C2-A803A090596D}.Debug|TwinCAT CE7 (ARMV7).ActiveCfg = Debug|TwinCAT CE7 (ARMV7)
		{1F826822-78EF-46D2-B0C2-A803A090596D}.Debug|TwinCAT CE7 (ARMV7).Build.0 = Debug|TwinCAT CE7 (ARMV7)
		{1F826822-78EF-46D2-B0C2-A803A090596D}.Debug|TwinCAT OS (ARMT2).ActiveCfg = Debug|TwinCAT OS (ARMT2)
		{1F826822-78EF-46D2-B0C2-A803A090596D}.Debug|TwinCAT OS (ARMT2).Build.0 = Debug|TwinCAT OS (ARMT2)
		{1F826822-78EF-46D2-B0C2-A803A090596D}.Debug|TwinCAT RT (x64).ActiveCfg = Debug|TwinCAT RT (x64)
		{1F826822-78EF-46D2-B0C2-A803A090596D}.Debug|TwinCAT RT (x64).Build.0 = Debug|TwinCAT RT (x64)
		{1F826822-78EF-46D2-B0C2-A803A090596D}.Debug|TwinCAT RT (x86).ActiveCfg = Debug|TwinCAT RT (x86)
		{1F826822-78EF-46D2-B0C2-A803A090596D}.Debug|TwinCAT RT (x86).Build.0 = Debug|TwinCAT RT (x86)
		{1F826822-78EF-46D2-B0C2-A803A090596D}.Release|Any CPU.ActiveCfg = Release|TwinCAT RT (x64)
		{1F826822-78EF-46D2-B0C2-A803A090596D}.Release|Any CPU.Build.0 = Release|TwinCAT RT (x64)
		{1F826822-78EF-46D2-B0C2-A803A090596D}.Release|TwinCAT CE7 (ARMV7).ActiveCfg = Release|TwinCAT CE7 (ARMV7)
		{1F826822-78EF-46D2-B0C2-A803A090596D}.Release|TwinCAT CE7 (ARMV7).Build.0 = Release|TwinCAT CE7 (ARMV7)
		{1F826822-78EF-46D2-B0C2-A803A090596D}.Release|TwinCAT OS (ARMT2).ActiveCfg = Release|TwinCAT OS (ARMT2)
		{1F826822-78EF-46D2-B0C2-A803A090596D}.Release|TwinCAT OS (ARMT2).Build.0 = Release|TwinCAT OS (ARMT2)
		{1F826822-78EF-46D2-B0C2-A803A090596D}.Release|TwinCAT RT (x64).ActiveCfg = Release|TwinCAT RT (x64)
		{1F826822-78EF-46D2-B0C2-A803A090596D}.Release|TwinCAT RT (x64).Build.0 = Release|TwinCAT RT (x64)
		{1F826822-78EF-46D2-B0C2-A803A090596D}.Release|TwinCAT RT (x86).ActiveCfg = Release|TwinCAT RT (x86)
		{1F826822-78EF-46D2-B0C2-A803A090596D}.Release|TwinCAT RT (x86).Build.0 = Release|TwinCAT RT (x86)
	EndGlobalSection
	GlobalSection(SolutionProperties) = preSolution
		HideSolutionNode = FALSE
	EndGlobalSection
	GlobalSection(NestedProjects) = preSolution
		{B0C3E592-F316-4BF2-8E1B-6A212E95427C} = {CB550EAF-4D12-40B0-AA72-1DAB87A8F4BA}
		{BFC6A9FF-280E-457A-AF10-65A3D6A225A2} = {CB550EAF-4D12-40B0-AA72-1DAB87A8F4BA}
		{81535540-06FC-4400-AD30-5DF785BB9A0E} = {CB550EAF-4D12-40B0-AA72-1DAB87A8F4BA}
		{E53007A0-3E03-4393-958C-6C0D2BA2C66B} = {980FB031-6B76-47A9-85D6-E19EF518113B}
		{1D4FF30F-CCAF-4550-A188-513DF86EB0A9} = {CB550EAF-4D12-40B0-AA72-1DAB87A8F4BA}
		{8C621332-9B78-40AF-B4B6-BF15F72C01F2} = {980FB031-6B76-47A9-85D6-E19EF518113B}
		{F8CC9171-EFD8-423C-BD72-B3E5CCEDDC47} = {CB550EAF-4D12-40B0-AA72-1DAB87A8F4BA}
		{183633EC-8A0A-4A61-A570-B6608EE3A8AB} = {CB550EAF-4D12-40B0-AA72-1DAB87A8F4BA}
		{A14AF1BC-0CF9-4467-8DB3-9F379671F9CC} = {CB550EAF-4D12-40B0-AA72-1DAB87A8F4BA}
		{BA7A158C-FDA2-4E8B-B04B-351CE0C3DC96} = {980FB031-6B76-47A9-85D6-E19EF518113B}
		{E34D0292-A2F7-4EDE-8E38-4F94A1C1DDC5} = {CB550EAF-4D12-40B0-AA72-1DAB87A8F4BA}
		{512196EB-A7D1-4D10-8823-8E700139DD8F} = {CB550EAF-4D12-40B0-AA72-1DAB87A8F4BA}
	EndGlobalSection
	GlobalSection(ExtensibilityGlobals) = postSolution
		SolutionGuid = {27BB64DF-7A1F-4117-9DEC-1E8E67C9C36C}
	EndGlobalSection
EndGlobal
