
Microsoft Visual Studio Solution File, Format Version 12.00
# Visual Studio Version 16
VisualStudioVersion = 16.0.31515.178
MinimumVisualStudioVersion = 10.0.40219.1
Project("{9A19103F-16F7-4668-BE54-9A1E7A4F7556}") = "TcOpen.Scaffold", "TcOpen.Scaffold\TcOpen.Scaffold.csproj", "{B87FAE74-7A87-4934-B4E7-8E3452A6D7DF}"
EndProject
Project("{9A19103F-16F7-4668-BE54-9A1E7A4F7556}") = "TcOpen.Scaffold.UI", "TcOpen.Scaffold.UI\TcOpen.Scaffold.UI.csproj", "{18913B97-697E-4F7F-A6BB-E4AE03A22FA9}"
EndProject
Global
	GlobalSection(SolutionConfigurationPlatforms) = preSolution
		Debug|Any CPU = Debug|Any CPU
		Release|Any CPU = Release|Any CPU
	EndGlobalSection
	GlobalSection(ProjectConfigurationPlatforms) = postSolution
		{B87FAE74-7A87-4934-B4E7-8E3452A6D7DF}.Debug|Any CPU.ActiveCfg = Debug|Any CPU
		{B87FAE74-7A87-4934-B4E7-8E3452A6D7DF}.Debug|Any CPU.Build.0 = Debug|Any CPU
		{B87FAE74-7A87-4934-B4E7-8E3452A6D7DF}.Release|Any CPU.ActiveCfg = Release|Any CPU
		{B87FAE74-7A87-4934-B4E7-8E3452A6D7DF}.Release|Any CPU.Build.0 = Release|Any CPU
		{18913B97-697E-4F7F-A6BB-E4AE03A22FA9}.Debug|Any CPU.ActiveCfg = Debug|Any CPU
		{18913B97-697E-4F7F-A6BB-E4AE03A22FA9}.Debug|Any CPU.Build.0 = Debug|Any CPU
		{18913B97-697E-4F7F-A6BB-E4AE03A22FA9}.Release|Any CPU.ActiveCfg = Release|Any CPU
		{18913B97-697E-4F7F-A6BB-E4AE03A22FA9}.Release|Any CPU.Build.0 = Release|Any CPU
	EndGlobalSection
	GlobalSection(SolutionProperties) = preSolution
		HideSolutionNode = FALSE
	EndGlobalSection
	GlobalSection(ExtensibilityGlobals) = postSolution
		SolutionGuid = {54834823-6D84-4690-AEEF-4FA784731842}
	EndGlobalSection
EndGlobal
